
Microsoft Visual Studio Solution File, Format Version 12.00
# Visual Studio Version 17
VisualStudioVersion = 17.7.34031.279
MinimumVisualStudioVersion = 10.0.40219.1
Project("{FAE04EC0-301F-11D3-BF4B-00C04F79EFBC}") = "ContactManager", "ContactManager\ContactManager.csproj", "{18AE5F71-4A25-4441-8248-687947C1A566}"
EndProject
Project("{9A19103F-16F7-4668-BE54-9A1E7A4F7556}") = "TestContactManager", "TestContactManager\TestContactManager.csproj", "{1228B9BB-BE50-406C-9853-34270D6988B1}"
EndProject
Project("{FAE04EC0-301F-11D3-BF4B-00C04F79EFBC}") = "TestContacts", "TestContact\TestContacts.csproj", "{2A85DF53-CF59-45F0-AF8E-AA5A95077411}"
EndProject
Global
	GlobalSection(SolutionConfigurationPlatforms) = preSolution
		Debug|Any CPU = Debug|Any CPU
		Release|Any CPU = Release|Any CPU
	EndGlobalSection
	GlobalSection(ProjectConfigurationPlatforms) = postSolution
		{18AE5F71-4A25-4441-8248-687947C1A566}.Debug|Any CPU.ActiveCfg = Debug|Any CPU
		{18AE5F71-4A25-4441-8248-687947C1A566}.Debug|Any CPU.Build.0 = Debug|Any CPU
		{18AE5F71-4A25-4441-8248-687947C1A566}.Release|Any CPU.ActiveCfg = Release|Any CPU
		{18AE5F71-4A25-4441-8248-687947C1A566}.Release|Any CPU.Build.0 = Release|Any CPU
		{1228B9BB-BE50-406C-9853-34270D6988B1}.Debug|Any CPU.ActiveCfg = Debug|Any CPU
		{1228B9BB-BE50-406C-9853-34270D6988B1}.Debug|Any CPU.Build.0 = Debug|Any CPU
		{1228B9BB-BE50-406C-9853-34270D6988B1}.Release|Any CPU.ActiveCfg = Release|Any CPU
		{1228B9BB-BE50-406C-9853-34270D6988B1}.Release|Any CPU.Build.0 = Release|Any CPU
		{2A85DF53-CF59-45F0-AF8E-AA5A95077411}.Debug|Any CPU.ActiveCfg = Debug|Any CPU
		{2A85DF53-CF59-45F0-AF8E-AA5A95077411}.Debug|Any CPU.Build.0 = Debug|Any CPU
		{2A85DF53-CF59-45F0-AF8E-AA5A95077411}.Release|Any CPU.ActiveCfg = Release|Any CPU
		{2A85DF53-CF59-45F0-AF8E-AA5A95077411}.Release|Any CPU.Build.0 = Release|Any CPU
	EndGlobalSection
	GlobalSection(SolutionProperties) = preSolution
		HideSolutionNode = FALSE
	EndGlobalSection
	GlobalSection(ExtensibilityGlobals) = postSolution
		SolutionGuid = {40A15DAB-C19F-44DD-AF4A-21A00704A8D9}
	EndGlobalSection
EndGlobal
